
Microsoft Visual Studio Solution File, Format Version 12.00
# Visual Studio Version 17
VisualStudioVersion = 17.8.34330.188
MinimumVisualStudioVersion = 10.0.40219.1
Project("{FAE04EC0-301F-11D3-BF4B-00C04F79EFBC}") = "WinFormsApp2", "WinFormsApp2\WinFormsApp2.csproj", "{36CEA6E0-F25A-4D1F-8AC9-3FB36AB4B12E}"
EndProject
Global
	GlobalSection(SolutionConfigurationPlatforms) = preSolution
		Debug|Any CPU = Debug|Any CPU
		Release|Any CPU = Release|Any CPU
	EndGlobalSection
	GlobalSection(ProjectConfigurationPlatforms) = postSolution
		{36CEA6E0-F25A-4D1F-8AC9-3FB36AB4B12E}.Debug|Any CPU.ActiveCfg = Debug|Any CPU
		{36CEA6E0-F25A-4D1F-8AC9-3FB36AB4B12E}.Debug|Any CPU.Build.0 = Debug|Any CPU
		{36CEA6E0-F25A-4D1F-8AC9-3FB36AB4B12E}.Release|Any CPU.ActiveCfg = Release|Any CPU
		{36CEA6E0-F25A-4D1F-8AC9-3FB36AB4B12E}.Release|Any CPU.Build.0 = Release|Any CPU
	EndGlobalSection
	GlobalSection(SolutionProperties) = preSolution
		HideSolutionNode = FALSE
	EndGlobalSection
	GlobalSection(ExtensibilityGlobals) = postSolution
		SolutionGuid = {D5309A7D-A589-49EA-8E38-F63C1609FE04}
	EndGlobalSection
EndGlobal
